
Microsoft Visual Studio Solution File, Format Version 12.00
# Visual Studio 15
VisualStudioVersion = 15.0.27130.2003
MinimumVisualStudioVersion = 10.0.40219.1
Project("{FAE04EC0-301F-11D3-BF4B-00C04F79EFBC}") = "CRMOZ.Model", "CRMOZ.Model\CRMOZ.Model.csproj", "{08125984-F184-4D9E-A6B1-FB18DE7E96EE}"
EndProject
Project("{FAE04EC0-301F-11D3-BF4B-00C04F79EFBC}") = "CRMOZ.Data", "CRMOZ.Data\CRMOZ.Data.csproj", "{2864B613-B467-4560-A898-F6FA137F635D}"
EndProject
Project("{FAE04EC0-301F-11D3-BF4B-00C04F79EFBC}") = "CRMOZ.Web", "CRMOZ.Web\CRMOZ.Web.csproj", "{3921B42F-3540-4E6E-A40E-1D183E4BFD86}"
EndProject
Global
	GlobalSection(SolutionConfigurationPlatforms) = preSolution
		Debug|Any CPU = Debug|Any CPU
		Release|Any CPU = Release|Any CPU
	EndGlobalSection
	GlobalSection(ProjectConfigurationPlatforms) = postSolution
		{08125984-F184-4D9E-A6B1-FB18DE7E96EE}.Debug|Any CPU.ActiveCfg = Debug|Any CPU
		{08125984-F184-4D9E-A6B1-FB18DE7E96EE}.Debug|Any CPU.Build.0 = Debug|Any CPU
		{08125984-F184-4D9E-A6B1-FB18DE7E96EE}.Release|Any CPU.ActiveCfg = Release|Any CPU
		{08125984-F184-4D9E-A6B1-FB18DE7E96EE}.Release|Any CPU.Build.0 = Release|Any CPU
		{2864B613-B467-4560-A898-F6FA137F635D}.Debug|Any CPU.ActiveCfg = Debug|Any CPU
		{2864B613-B467-4560-A898-F6FA137F635D}.Debug|Any CPU.Build.0 = Debug|Any CPU
		{2864B613-B467-4560-A898-F6FA137F635D}.Release|Any CPU.ActiveCfg = Release|Any CPU
		{2864B613-B467-4560-A898-F6FA137F635D}.Release|Any CPU.Build.0 = Release|Any CPU
		{3921B42F-3540-4E6E-A40E-1D183E4BFD86}.Debug|Any CPU.ActiveCfg = Debug|Any CPU
		{3921B42F-3540-4E6E-A40E-1D183E4BFD86}.Debug|Any CPU.Build.0 = Debug|Any CPU
		{3921B42F-3540-4E6E-A40E-1D183E4BFD86}.Release|Any CPU.ActiveCfg = Release|Any CPU
		{3921B42F-3540-4E6E-A40E-1D183E4BFD86}.Release|Any CPU.Build.0 = Release|Any CPU
	EndGlobalSection
	GlobalSection(SolutionProperties) = preSolution
		HideSolutionNode = FALSE
	EndGlobalSection
	GlobalSection(ExtensibilityGlobals) = postSolution
		SolutionGuid = {CAC32592-8903-4E56-9FCF-1E480CDB4200}
	EndGlobalSection
EndGlobal
